// !$*UTF8*$!
{
	archiveVersion = 1;
	classes = {
	};
	objectVersion = 50;
	objects = {

/* Begin PBXBuildFile section */
		EE26598B2152416F00FC22D0 /* The Swift Programming Language.pdf in Resources */ = {isa = PBXBuildFile; fileRef = EE26598A2152416F00FC22D0 /* The Swift Programming Language.pdf */; };
		EE26598D215245EE00FC22D0 /* SYPDFManager.swift in Sources */ = {isa = PBXBuildFile; fileRef = EE26598C215245EE00FC22D0 /* SYPDFManager.swift */; };
		EE325A66214FA9EF00A9A4C7 /* SystemPageViewController.swift in Sources */ = {isa = PBXBuildFile; fileRef = EE325A65214FA9EF00A9A4C7 /* SystemPageViewController.swift */; };
		EE4AEE23214B8CBF00810527 /* AppDelegate.swift in Sources */ = {isa = PBXBuildFile; fileRef = EE4AEE22214B8CBF00810527 /* AppDelegate.swift */; };
		EE4AEE25214B8CBF00810527 /* ViewController.swift in Sources */ = {isa = PBXBuildFile; fileRef = EE4AEE24214B8CBF00810527 /* ViewController.swift */; };
		EE4AEE2A214B8CC100810527 /* Assets.xcassets in Resources */ = {isa = PBXBuildFile; fileRef = EE4AEE29214B8CC100810527 /* Assets.xcassets */; };
		EE4AEE2D214B8CC100810527 /* LaunchScreen.storyboard in Resources */ = {isa = PBXBuildFile; fileRef = EE4AEE2B214B8CC100810527 /* LaunchScreen.storyboard */; };
		EE4AEE35214B8CFD00810527 /* SystemPageCurlController.swift in Sources */ = {isa = PBXBuildFile; fileRef = EE4AEE34214B8CFD00810527 /* SystemPageCurlController.swift */; };
		EE4AEE37214B8D8B00810527 /* BasicViewController.swift in Sources */ = {isa = PBXBuildFile; fileRef = EE4AEE36214B8D8B00810527 /* BasicViewController.swift */; };
/* End PBXBuildFile section */

/* Begin PBXFileReference section */
		EE26598A2152416F00FC22D0 /* The Swift Programming Language.pdf */ = {isa = PBXFileReference; lastKnownFileType = image.pdf; path = "The Swift Programming Language.pdf"; sourceTree = "<group>"; };
		EE26598C215245EE00FC22D0 /* SYPDFManager.swift */ = {isa = PBXFileReference; lastKnownFileType = sourcecode.swift; path = SYPDFManager.swift; sourceTree = "<group>"; };
		EE325A65214FA9EF00A9A4C7 /* SystemPageViewController.swift */ = {isa = PBXFileReference; lastKnownFileType = sourcecode.swift; path = SystemPageViewController.swift; sourceTree = "<group>"; };
		EE4AEE1F214B8CBF00810527 /* PageCurlAnimation.app */ = {isa = PBXFileReference; explicitFileType = wrapper.application; includeInIndex = 0; path = PageCurlAnimation.app; sourceTree = BUILT_PRODUCTS_DIR; };
		EE4AEE22214B8CBF00810527 /* AppDelegate.swift */ = {isa = PBXFileReference; lastKnownFileType = sourcecode.swift; path = AppDelegate.swift; sourceTree = "<group>"; };
		EE4AEE24214B8CBF00810527 /* ViewController.swift */ = {isa = PBXFileReference; lastKnownFileType = sourcecode.swift; path = ViewController.swift; sourceTree = "<group>"; };
		EE4AEE29214B8CC100810527 /* Assets.xcassets */ = {isa = PBXFileReference; lastKnownFileType = folder.assetcatalog; path = Assets.xcassets; sourceTree = "<group>"; };
		EE4AEE2C214B8CC100810527 /* Base */ = {isa = PBXFileReference; lastKnownFileType = file.storyboard; name = Base; path = Base.lproj/LaunchScreen.storyboard; sourceTree = "<group>"; };
		EE4AEE2E214B8CC100810527 /* Info.plist */ = {isa = PBXFileReference; lastKnownFileType = text.plist.xml; path = Info.plist; sourceTree = "<group>"; };
		EE4AEE34214B8CFD00810527 /* SystemPageCurlController.swift */ = {isa = PBXFileReference; lastKnownFileType = sourcecode.swift; path = SystemPageCurlController.swift; sourceTree = "<group>"; };
		EE4AEE36214B8D8B00810527 /* BasicViewController.swift */ = {isa = PBXFileReference; lastKnownFileType = sourcecode.swift; path = BasicViewController.swift; sourceTree = "<group>"; };
/* End PBXFileReference section */

/* Begin PBXFrameworksBuildPhase section */
		EE4AEE1C214B8CBF00810527 /* Frameworks */ = {
			isa = PBXFrameworksBuildPhase;
			buildActionMask = 2147483647;
			files = (
			);
			runOnlyForDeploymentPostprocessing = 0;
		};
/* End PBXFrameworksBuildPhase section */

/* Begin PBXGroup section */
		EE4AEE16214B8CBF00810527 = {
			isa = PBXGroup;
			children = (
				EE4AEE21214B8CBF00810527 /* PageCurlAnimation */,
				EE4AEE20214B8CBF00810527 /* Products */,
			);
			sourceTree = "<group>";
		};
		EE4AEE20214B8CBF00810527 /* Products */ = {
			isa = PBXGroup;
			children = (
				EE4AEE1F214B8CBF00810527 /* PageCurlAnimation.app */,
			);
			name = Products;
			sourceTree = "<group>";
		};
		EE4AEE21214B8CBF00810527 /* PageCurlAnimation */ = {
			isa = PBXGroup;
			children = (
				EE26598A2152416F00FC22D0 /* The Swift Programming Language.pdf */,
				EE4AEE22214B8CBF00810527 /* AppDelegate.swift */,
				EE4AEE36214B8D8B00810527 /* BasicViewController.swift */,
				EE4AEE24214B8CBF00810527 /* ViewController.swift */,
				EE4AEE34214B8CFD00810527 /* SystemPageCurlController.swift */,
				EE325A65214FA9EF00A9A4C7 /* SystemPageViewController.swift */,
				EE26598C215245EE00FC22D0 /* SYPDFManager.swift */,
				EE4AEE29214B8CC100810527 /* Assets.xcassets */,
				EE4AEE2B214B8CC100810527 /* LaunchScreen.storyboard */,
				EE4AEE2E214B8CC100810527 /* Info.plist */,
			);
			path = PageCurlAnimation;
			sourceTree = "<group>";
		};
/* End PBXGroup section */

/* Begin PBXNativeTarget section */
		EE4AEE1E214B8CBF00810527 /* PageCurlAnimation */ = {
			isa = PBXNativeTarget;
			buildConfigurationList = EE4AEE31214B8CC100810527 /* Build configuration list for PBXNativeTarget "PageCurlAnimation" */;
			buildPhases = (
				EE4AEE1B214B8CBF00810527 /* Sources */,
				EE4AEE1C214B8CBF00810527 /* Frameworks */,
				EE4AEE1D214B8CBF00810527 /* Resources */,
			);
			buildRules = (
			);
			dependencies = (
			);
			name = PageCurlAnimation;
			productName = PageCurlAnimation;
			productReference = EE4AEE1F214B8CBF00810527 /* PageCurlAnimation.app */;
			productType = "com.apple.product-type.application";
		};
/* End PBXNativeTarget section */

/* Begin PBXProject section */
		EE4AEE17214B8CBF00810527 /* Project object */ = {
			isa = PBXProject;
			attributes = {
				LastSwiftUpdateCheck = 0940;
				LastUpgradeCheck = 0940;
				ORGANIZATIONNAME = wanghuiguang;
				TargetAttributes = {
					EE4AEE1E214B8CBF00810527 = {
						CreatedOnToolsVersion = 9.4.1;
					};
				};
			};
			buildConfigurationList = EE4AEE1A214B8CBF00810527 /* Build configuration list for PBXProject "PageCurlAnimation" */;
			compatibilityVersion = "Xcode 9.3";
			developmentRegion = en;
			hasScannedForEncodings = 0;
			knownRegions = (
				en,
				Base,
			);
			mainGroup = EE4AEE16214B8CBF00810527;
			productRefGroup = EE4AEE20214B8CBF00810527 /* Products */;
			projectDirPath = "";
			projectRoot = "";
			targets = (
				EE4AEE1E214B8CBF00810527 /* PageCurlAnimation */,
			);
		};
/* End PBXProject section */

/* Begin PBXResourcesBuildPhase section */
		EE4AEE1D214B8CBF00810527 /* Resources */ = {
			isa = PBXResourcesBuildPhase;
			buildActionMask = 2147483647;
			files = (
				EE4AEE2D214B8CC100810527 /* LaunchScreen.storyboard in Resources */,
				EE26598B2152416F00FC22D0 /* The Swift Programming Language.pdf in Resources */,
				EE4AEE2A214B8CC100810527 /* Assets.xcassets in Resources */,
			);
			runOnlyForDeploymentPostprocessing = 0;
		};
/* End PBXResourcesBuildPhase section */

/* Begin PBXSourcesBuildPhase section */
		EE4AEE1B214B8CBF00810527 /* Sources */ = {
			isa = PBXSourcesBuildPhase;
			buildActionMask = 2147483647;
			files = (
				EE4AEE25214B8CBF00810527 /* ViewController.swift in Sources */,
				EE4AEE37214B8D8B00810527 /* BasicViewController.swift in Sources */,
				EE325A66214FA9EF00A9A4C7 /* SystemPageViewController.swift in Sources */,
				EE4AEE23214B8CBF00810527 /* AppDelegate.swift in Sources */,
				EE26598D215245EE00FC22D0 /* SYPDFManager.swift in Sources */,
				EE4AEE35214B8CFD00810527 /* SystemPageCurlController.swift in Sources */,
			);
			runOnlyForDeploymentPostprocessing = 0;
		};
/* End PBXSourcesBuildPhase section */

/* Begin PBXVariantGroup section */
		EE4AEE2B214B8CC100810527 /* LaunchScreen.storyboard */ = {
			isa = PBXVariantGroup;
			children = (
				EE4AEE2C214B8CC100810527 /* Base */,
			);
			name = LaunchScreen.storyboard;
			sourceTree = "<group>";
		};
/* End PBXVariantGroup section */

/* Begin XCBuildConfiguration section */
		EE4AEE2F214B8CC100810527 /* Debug */ = {
			isa = XCBuildConfiguration;
			buildSettings = {
				ALWAYS_SEARCH_USER_PATHS = NO;
				CLANG_ANALYZER_NONNULL = YES;
				CLANG_ANALYZER_NUMBER_OBJECT_CONVERSION = YES_AGGRESSIVE;
				CLANG_CXX_LANGUAGE_STANDARD = "gnu++14";
				CLANG_CXX_LIBRARY = "libc++";
				CLANG_ENABLE_MODULES = YES;
				CLANG_ENABLE_OBJC_ARC = YES;
				CLANG_ENABLE_OBJC_WEAK = YES;
				CLANG_WARN_BLOCK_CAPTURE_AUTORELEASING = YES;
				CLANG_WARN_BOOL_CONVERSION = YES;
				CLANG_WARN_COMMA = YES;
				CLANG_WARN_CONSTANT_CONVERSION = YES;
				CLANG_WARN_DEPRECATED_OBJC_IMPLEMENTATIONS = YES;
				CLANG_WARN_DIRECT_OBJC_ISA_USAGE = YES_ERROR;
				CLANG_WARN_DOCUMENTATION_COMMENTS = YES;
				CLANG_WARN_EMPTY_BODY = YES;
				CLANG_WARN_ENUM_CONVERSION = YES;
				CLANG_WARN_INFINITE_RECURSION = YES;
				CLANG_WARN_INT_CONVERSION = YES;
				CLANG_WARN_NON_LITERAL_NULL_CONVERSION = YES;
				CLANG_WARN_OBJC_IMPLICIT_RETAIN_SELF = YES;
				CLANG_WARN_OBJC_LITERAL_CONVERSION = YES;
				CLANG_WARN_OBJC_ROOT_CLASS = YES_ERROR;
				CLANG_WARN_RANGE_LOOP_ANALYSIS = YES;
				CLANG_WARN_STRICT_PROTOTYPES = YES;
				CLANG_WARN_SUSPICIOUS_MOVE = YES;
				CLANG_WARN_UNGUARDED_AVAILABILITY = YES_AGGRESSIVE;
				CLANG_WARN_UNREACHABLE_CODE = YES;
				CLANG_WARN__DUPLICATE_METHOD_MATCH = YES;
				CODE_SIGN_IDENTITY = "iPhone Developer";
				COPY_PHASE_STRIP = NO;
				DEBUG_INFORMATION_FORMAT = dwarf;
				ENABLE_STRICT_OBJC_MSGSEND = YES;
				ENABLE_TESTABILITY = YES;
				GCC_C_LANGUAGE_STANDARD = gnu11;
				GCC_DYNAMIC_NO_PIC = NO;
				GCC_NO_COMMON_BLOCKS = YES;
				GCC_OPTIMIZATION_LEVEL = 0;
				GCC_PREPROCESSOR_DEFINITIONS = (
					"DEBUG=1",
					"$(inherited)",
				);
				GCC_WARN_64_TO_32_BIT_CONVERSION = YES;
				GCC_WARN_ABOUT_RETURN_TYPE = YES_ERROR;
				GCC_WARN_UNDECLARED_SELECTOR = YES;
				GCC_WARN_UNINITIALIZED_AUTOS = YES_AGGRESSIVE;
				GCC_WARN_UNUSED_FUNCTION = YES;
				GCC_WARN_UNUSED_VARIABLE = YES;
				IPHONEOS_DEPLOYMENT_TARGET = 9.0;
				MTL_ENABLE_DEBUG_INFO = YES;
				ONLY_ACTIVE_ARCH = YES;
				SDKROOT = iphoneos;
				SWIFT_ACTIVE_COMPILATION_CONDITIONS = DEBUG;
				SWIFT_OPTIMIZATION_LEVEL = "-Onone";
			};
			name = Debug;
		};
		EE4AEE30214B8CC100810527 /* Release */ = {
			isa = XCBuildConfiguration;
			buildSettings = {
				ALWAYS_SEARCH_USER_PATHS = NO;
				CLANG_ANALYZER_NONNULL = YES;
				CLANG_ANALYZER_NUMBER_OBJECT_CONVERSION = YES_AGGRESSIVE;
				CLANG_CXX_LANGUAGE_STANDARD = "gnu++14";
				CLANG_CXX_LIBRARY = "libc++";
				CLANG_ENABLE_MODULES = YES;
				CLANG_ENABLE_OBJC_ARC = YES;
				CLANG_ENABLE_OBJC_WEAK = YES;
				CLANG_WARN_BLOCK_CAPTURE_AUTORELEASING = YES;
				CLANG_WARN_BOOL_CONVERSION = YES;
				CLANG_WARN_COMMA = YES;
				CLANG_WARN_CONSTANT_CONVERSION = YES;
				CLANG_WARN_DEPRECATED_OBJC_IMPLEMENTATIONS = YES;
				CLANG_WARN_DIRECT_OBJC_ISA_USAGE = YES_ERROR;
				CLANG_WARN_DOCUMENTATION_COMMENTS = YES;
				CLANG_WARN_EMPTY_BODY = YES;
				CLANG_WARN_ENUM_CONVERSION = YES;
				CLANG_WARN_INFINITE_RECURSION = YES;
				CLANG_WARN_INT_CONVERSION = YES;
				CLANG_WARN_NON_LITERAL_NULL_CONVERSION = YES;
				CLANG_WARN_OBJC_IMPLICIT_RETAIN_SELF = YES;
				CLANG_WARN_OBJC_LITERAL_CONVERSION = YES;
				CLANG_WARN_OBJC_ROOT_CLASS = YES_ERROR;
				CLANG_WARN_RANGE_LOOP_ANALYSIS = YES;
				CLANG_WARN_STRICT_PROTOTYPES = YES;
				CLANG_WARN_SUSPICIOUS_MOVE = YES;
				CLANG_WARN_UNGUARDED_AVAILABILITY = YES_AGGRESSIVE;
				CLANG_WARN_UNREACHABLE_CODE = YES;
				CLANG_WARN__DUPLICATE_METHOD_MATCH = YES;
				CODE_SIGN_IDENTITY = "iPhone Developer";
				COPY_PHASE_STRIP = NO;
				DEBUG_INFORMATION_FORMAT = "dwarf-with-dsym";
				ENABLE_NS_ASSERTIONS = NO;
				ENABLE_STRICT_OBJC_MSGSEND = YES;
				GCC_C_LANGUAGE_STANDARD = gnu11;
				GCC_NO_COMMON_BLOCKS = YES;
				GCC_WARN_64_TO_32_BIT_CONVERSION = YES;
				GCC_WARN_ABOUT_RETURN_TYPE = YES_ERROR;
				GCC_WARN_UNDECLARED_SELECTOR = YES;
				GCC_WARN_UNINITIALIZED_AUTOS = YES_AGGRESSIVE;
				GCC_WARN_UNUSED_FUNCTION = YES;
				GCC_WARN_UNUSED_VARIABLE = YES;
				IPHONEOS_DEPLOYMENT_TARGET = 9.0;
				MTL_ENABLE_DEBUG_INFO = NO;
				SDKROOT = iphoneos;
				SWIFT_COMPILATION_MODE = wholemodule;
				SWIFT_OPTIMIZATION_LEVEL = "-O";
				VALIDATE_PRODUCT = YES;
			};
			name = Release;
		};
		EE4AEE32214B8CC100810527 /* Debug */ = {
			isa = XCBuildConfiguration;
			buildSettings = {
				ASSETCATALOG_COMPILER_APPICON_NAME = AppIcon;
				CODE_SIGN_STYLE = Automatic;
				INFOPLIST_FILE = PageCurlAnimation/Info.plist;
				IPHONEOS_DEPLOYMENT_TARGET = 9.0;
				LD_RUNPATH_SEARCH_PATHS = (
					"$(inherited)",
					"@executable_path/Frameworks",
				);
				PRODUCT_BUNDLE_IDENTIFIER = com.whgTest.PageCurlAnimation;
				PRODUCT_NAME = "$(TARGET_NAME)";
				SWIFT_VERSION = 4.0;
				TARGETED_DEVICE_FAMILY = "1,2";
			};
			name = Debug;
		};
		EE4AEE33214B8CC100810527 /* Release */ = {
			isa = XCBuildConfiguration;
			buildSettings = {
				ASSETCATALOG_COMPILER_APPICON_NAME = AppIcon;
				CODE_SIGN_STYLE = Automatic;
				INFOPLIST_FILE = PageCurlAnimation/Info.plist;
				IPHONEOS_DEPLOYMENT_TARGET = 9.0;
				LD_RUNPATH_SEARCH_PATHS = (
					"$(inherited)",
					"@executable_path/Frameworks",
				);
				PRODUCT_BUNDLE_IDENTIFIER = com.whgTest.PageCurlAnimation;
				PRODUCT_NAME = "$(TARGET_NAME)";
				SWIFT_VERSION = 4.0;
				TARGETED_DEVICE_FAMILY = "1,2";
			};
			name = Release;
		};
/* End XCBuildConfiguration section */

/* Begin XCConfigurationList section */
		EE4AEE1A214B8CBF00810527 /* Build configuration list for PBXProject "PageCurlAnimation" */ = {
			isa = XCConfigurationList;
			buildConfigurations = (
				EE4AEE2F214B8CC100810527 /* Debug */,
				EE4AEE30214B8CC100810527 /* Release */,
			);
			defaultConfigurationIsVisible = 0;
			defaultConfigurationName = Release;
		};
		EE4AEE31214B8CC100810527 /* Build configuration list for PBXNativeTarget "PageCurlAnimation" */ = {
			isa = XCConfigurationList;
			buildConfigurations = (
				EE4AEE32214B8CC100810527 /* Debug */,
				EE4AEE33214B8CC100810527 /* Release */,
			);
			defaultConfigurationIsVisible = 0;
			defaultConfigurationName = Release;
		};
/* End XCConfigurationList section */
	};
	rootObject = EE4AEE17214B8CBF00810527 /* Project object */;
}
